
Microsoft Visual Studio Solution File, Format Version 12.00
# Visual Studio Version 17
VisualStudioVersion = 17.1.32407.343
MinimumVisualStudioVersion = 10.0.40219.1
Project("{FAE04EC0-301F-11D3-BF4B-00C04F79EFBC}") = "Reflection", "Assembly\Reflection.csproj", "{1966BFA6-513B-4DDA-ADE7-0F7C338ACADC}"
EndProject
Project("{FAE04EC0-301F-11D3-BF4B-00C04F79EFBC}") = "MyApp", "MyApp\MyApp.csproj", "{3FA9D654-1166-40DA-96DD-A6019F35E9FC}"
EndProject
Global
	GlobalSection(SolutionConfigurationPlatforms) = preSolution
		Debug|Any CPU = Debug|Any CPU
		Release|Any CPU = Release|Any CPU
	EndGlobalSection
	GlobalSection(ProjectConfigurationPlatforms) = postSolution
		{1966BFA6-513B-4DDA-ADE7-0F7C338ACADC}.Debug|Any CPU.ActiveCfg = Debug|Any CPU
		{1966BFA6-513B-4DDA-ADE7-0F7C338ACADC}.Debug|Any CPU.Build.0 = Debug|Any CPU
		{1966BFA6-513B-4DDA-ADE7-0F7C338ACADC}.Release|Any CPU.ActiveCfg = Release|Any CPU
		{1966BFA6-513B-4DDA-ADE7-0F7C338ACADC}.Release|Any CPU.Build.0 = Release|Any CPU
		{3FA9D654-1166-40DA-96DD-A6019F35E9FC}.Debug|Any CPU.ActiveCfg = Debug|Any CPU
		{3FA9D654-1166-40DA-96DD-A6019F35E9FC}.Debug|Any CPU.Build.0 = Debug|Any CPU
		{3FA9D654-1166-40DA-96DD-A6019F35E9FC}.Release|Any CPU.ActiveCfg = Release|Any CPU
		{3FA9D654-1166-40DA-96DD-A6019F35E9FC}.Release|Any CPU.Build.0 = Release|Any CPU
	EndGlobalSection
	GlobalSection(SolutionProperties) = preSolution
		HideSolutionNode = FALSE
	EndGlobalSection
	GlobalSection(ExtensibilityGlobals) = postSolution
		SolutionGuid = {ACAE5ED6-C146-4FFB-AFFC-45637A786571}
	EndGlobalSection
EndGlobal
